{
  "name": "node",
  "lockfileVersion": 2,
  "requires": true,
  "packages": {
    "": {
      "dependencies": {
        "nats": "^2.7.1"
      }
    },
    "node_modules/@types/node": {
      "version": "14.18.21",
      "resolved": "https://registry.npmjs.org/@types/node/-/node-14.18.21.tgz",
      "integrity": "sha512-x5W9s+8P4XteaxT/jKF0PSb7XEvo5VmqEWgsMlyeY4ZlLK8I6aH6g5TPPyDlLAep+GYf4kefb7HFyc7PAO3m+Q=="
    },
    "node_modules/nats": {
      "version": "2.7.1",
      "resolved": "https://registry.npmjs.org/nats/-/nats-2.7.1.tgz",
      "integrity": "sha512-aH0OXxasfLCTG+LQCFRaWoL1kqejCQg7B+t4z++JgLPgfdpQMET1Rqo95I06DEQyIJGTTgYpxkI/zC0ul8V3pw==",
      "dependencies": {
        "nkeys.js": "^1.0.0-9"
      },
      "engines": {
        "node": ">= 10.0.0"
      }
    },
    "node_modules/nkeys.js": {
      "version": "1.0.0-9",
      "resolved": "https://registry.npmjs.org/nkeys.js/-/nkeys.js-1.0.0-9.tgz",
      "integrity": "sha512-m9O0NQT+3rUe1om6MWpxV77EuHql/LdorDH+FYQkoeARcM2V0sQ89kM36fArWaHWq/25EmNmQUW0MhLTcbqW1A==",
      "dependencies": {
        "@types/node": "^14.0.26",
        "tweetnacl": "^1.0.3"
      },
      "engines": {
        "node": ">=10.0.0"
      }
    },
    "node_modules/tweetnacl": {
      "version": "1.0.3",
      "resolved": "https://registry.npmjs.org/tweetnacl/-/tweetnacl-1.0.3.tgz",
      "integrity": "sha512-6rt+RN7aOi1nGMyC4Xa5DdYiukl2UWCbcJft7YhxReBGQD7OAM8Pbxw6YMo4r2diNEA8FEmu32YOn9rhaiE5yw=="
    }
  },
  "dependencies": {
    "@types/node": {
      "version": "14.18.21",
      "resolved": "https://registry.npmjs.org/@types/node/-/node-14.18.21.tgz",
      "integrity": "sha512-x5W9s+8P4XteaxT/jKF0PSb7XEvo5VmqEWgsMlyeY4ZlLK8I6aH6g5TPPyDlLAep+GYf4kefb7HFyc7PAO3m+Q=="
    },
    "nats": {
      "version": "2.7.1",
      "resolved": "https://registry.npmjs.org/nats/-/nats-2.7.1.tgz",
      "integrity": "sha512-aH0OXxasfLCTG+LQCFRaWoL1kqejCQg7B+t4z++JgLPgfdpQMET1Rqo95I06DEQyIJGTTgYpxkI/zC0ul8V3pw==",
      "requires": {
        "nkeys.js": "^1.0.0-9"
      }
    },
    "nkeys.js": {
      "version": "1.0.0-9",
      "resolved": "https://registry.npmjs.org/nkeys.js/-/nkeys.js-1.0.0-9.tgz",
      "integrity": "sha512-m9O0NQT+3rUe1om6MWpxV77EuHql/LdorDH+FYQkoeARcM2V0sQ89kM36fArWaHWq/25EmNmQUW0MhLTcbqW1A==",
      "requires": {
        "@types/node": "^14.0.26",
        "tweetnacl": "^1.0.3"
      }
    },
    "tweetnacl": {
      "version": "1.0.3",
      "resolved": "https://registry.npmjs.org/tweetnacl/-/tweetnacl-1.0.3.tgz",
      "integrity": "sha512-6rt+RN7aOi1nGMyC4Xa5DdYiukl2UWCbcJft7YhxReBGQD7OAM8Pbxw6YMo4r2diNEA8FEmu32YOn9rhaiE5yw=="
    }
  }
}
